// !$*UTF8*$!
{
	archiveVersion = 1;
	classes = {
	};
	objectVersion = 46;
	objects = {

/* Begin PBXBuildFile section */
		2076DF731E898CFC0074459F /* AppDelegate.swift in Sources */ = {isa = PBXBuildFile; fileRef = 2076DF721E898CFC0074459F /* AppDelegate.swift */; };
		2076DF781E898CFC0074459F /* Main.storyboard in Resources */ = {isa = PBXBuildFile; fileRef = 2076DF761E898CFC0074459F /* Main.storyboard */; };
		2076DF7A1E898CFC0074459F /* Assets.xcassets in Resources */ = {isa = PBXBuildFile; fileRef = 2076DF791E898CFC0074459F /* Assets.xcassets */; };
		2076DF7D1E898CFC0074459F /* LaunchScreen.storyboard in Resources */ = {isa = PBXBuildFile; fileRef = 2076DF7B1E898CFC0074459F /* LaunchScreen.storyboard */; };
		2076DF851E898FFA0074459F /* HeroTableTableViewController.swift in Sources */ = {isa = PBXBuildFile; fileRef = 2076DF841E898FFA0074459F /* HeroTableTableViewController.swift */; };
		2076DF871E8990230074459F /* HeroDetailViewController.swift in Sources */ = {isa = PBXBuildFile; fileRef = 2076DF861E8990230074459F /* HeroDetailViewController.swift */; };
		2076DF891E89903F0074459F /* Hero.swift in Sources */ = {isa = PBXBuildFile; fileRef = 2076DF881E89903F0074459F /* Hero.swift */; };
		2076DF8B1E8990610074459F /* heroes.json in Resources */ = {isa = PBXBuildFile; fileRef = 2076DF8A1E8990610074459F /* heroes.json */; };
/* End PBXBuildFile section */

/* Begin PBXFileReference section */
		2076DF6F1E898CFC0074459F /* HeroTracker.app */ = {isa = PBXFileReference; explicitFileType = wrapper.application; includeInIndex = 0; path = HeroTracker.app; sourceTree = BUILT_PRODUCTS_DIR; };
		2076DF721E898CFC0074459F /* AppDelegate.swift */ = {isa = PBXFileReference; lastKnownFileType = sourcecode.swift; path = AppDelegate.swift; sourceTree = "<group>"; };
		2076DF771E898CFC0074459F /* Base */ = {isa = PBXFileReference; lastKnownFileType = file.storyboard; name = Base; path = Base.lproj/Main.storyboard; sourceTree = "<group>"; };
		2076DF791E898CFC0074459F /* Assets.xcassets */ = {isa = PBXFileReference; lastKnownFileType = folder.assetcatalog; path = Assets.xcassets; sourceTree = "<group>"; };
		2076DF7C1E898CFC0074459F /* Base */ = {isa = PBXFileReference; lastKnownFileType = file.storyboard; name = Base; path = Base.lproj/LaunchScreen.storyboard; sourceTree = "<group>"; };
		2076DF7E1E898CFC0074459F /* Info.plist */ = {isa = PBXFileReference; lastKnownFileType = text.plist.xml; path = Info.plist; sourceTree = "<group>"; };
		2076DF841E898FFA0074459F /* HeroTableTableViewController.swift */ = {isa = PBXFileReference; fileEncoding = 4; lastKnownFileType = sourcecode.swift; name = HeroTableTableViewController.swift; path = ../HeroTableTableViewController.swift; sourceTree = "<group>"; };
		2076DF861E8990230074459F /* HeroDetailViewController.swift */ = {isa = PBXFileReference; fileEncoding = 4; lastKnownFileType = sourcecode.swift; name = HeroDetailViewController.swift; path = ../HeroDetailViewController.swift; sourceTree = "<group>"; };
		2076DF881E89903F0074459F /* Hero.swift */ = {isa = PBXFileReference; fileEncoding = 4; lastKnownFileType = sourcecode.swift; name = Hero.swift; path = ../Hero.swift; sourceTree = "<group>"; };
		2076DF8A1E8990610074459F /* heroes.json */ = {isa = PBXFileReference; fileEncoding = 4; lastKnownFileType = text.json; path = heroes.json; sourceTree = "<group>"; };
/* End PBXFileReference section */

/* Begin PBXFrameworksBuildPhase section */
		2076DF6C1E898CFC0074459F /* Frameworks */ = {
			isa = PBXFrameworksBuildPhase;
			buildActionMask = 2147483647;
			files = (
			);
			runOnlyForDeploymentPostprocessing = 0;
		};
/* End PBXFrameworksBuildPhase section */

/* Begin PBXGroup section */
		2076DF661E898CFC0074459F = {
			isa = PBXGroup;
			children = (
				2076DF711E898CFC0074459F /* HeroTracker */,
				2076DF701E898CFC0074459F /* Products */,
			);
			sourceTree = "<group>";
		};
		2076DF701E898CFC0074459F /* Products */ = {
			isa = PBXGroup;
			children = (
				2076DF6F1E898CFC0074459F /* HeroTracker.app */,
			);
			name = Products;
			sourceTree = "<group>";
		};
		2076DF711E898CFC0074459F /* HeroTracker */ = {
			isa = PBXGroup;
			children = (
				2076DF721E898CFC0074459F /* AppDelegate.swift */,
				2076DF8A1E8990610074459F /* heroes.json */,
				2076DF841E898FFA0074459F /* HeroTableTableViewController.swift */,
				2076DF861E8990230074459F /* HeroDetailViewController.swift */,
				2076DF881E89903F0074459F /* Hero.swift */,
				2076DF761E898CFC0074459F /* Main.storyboard */,
				2076DF791E898CFC0074459F /* Assets.xcassets */,
				2076DF7B1E898CFC0074459F /* LaunchScreen.storyboard */,
				2076DF7E1E898CFC0074459F /* Info.plist */,
			);
			path = HeroTracker;
			sourceTree = "<group>";
		};
/* End PBXGroup section */

/* Begin PBXNativeTarget section */
		2076DF6E1E898CFC0074459F /* HeroTracker */ = {
			isa = PBXNativeTarget;
			buildConfigurationList = 2076DF811E898CFC0074459F /* Build configuration list for PBXNativeTarget "HeroTracker" */;
			buildPhases = (
				2076DF6B1E898CFC0074459F /* Sources */,
				2076DF6C1E898CFC0074459F /* Frameworks */,
				2076DF6D1E898CFC0074459F /* Resources */,
			);
			buildRules = (
			);
			dependencies = (
			);
			name = HeroTracker;
			productName = HeroTracker;
			productReference = 2076DF6F1E898CFC0074459F /* HeroTracker.app */;
			productType = "com.apple.product-type.application";
		};
/* End PBXNativeTarget section */

/* Begin PBXProject section */
		2076DF671E898CFC0074459F /* Project object */ = {
			isa = PBXProject;
			attributes = {
				LastSwiftUpdateCheck = 0820;
				LastUpgradeCheck = 0820;
				ORGANIZATIONNAME = "Timothy Hang";
				TargetAttributes = {
					2076DF6E1E898CFC0074459F = {
						CreatedOnToolsVersion = 8.2.1;
						ProvisioningStyle = Automatic;
					};
				};
			};
			buildConfigurationList = 2076DF6A1E898CFC0074459F /* Build configuration list for PBXProject "HeroTracker" */;
			compatibilityVersion = "Xcode 3.2";
			developmentRegion = English;
			hasScannedForEncodings = 0;
			knownRegions = (
				en,
				Base,
			);
			mainGroup = 2076DF661E898CFC0074459F;
			productRefGroup = 2076DF701E898CFC0074459F /* Products */;
			projectDirPath = "";
			projectRoot = "";
			targets = (
				2076DF6E1E898CFC0074459F /* HeroTracker */,
			);
		};
/* End PBXProject section */

/* Begin PBXResourcesBuildPhase section */
		2076DF6D1E898CFC0074459F /* Resources */ = {
			isa = PBXResourcesBuildPhase;
			buildActionMask = 2147483647;
			files = (
				2076DF7D1E898CFC0074459F /* LaunchScreen.storyboard in Resources */,
				2076DF8B1E8990610074459F /* heroes.json in Resources */,
				2076DF7A1E898CFC0074459F /* Assets.xcassets in Resources */,
				2076DF781E898CFC0074459F /* Main.storyboard in Resources */,
			);
			runOnlyForDeploymentPostprocessing = 0;
		};
/* End PBXResourcesBuildPhase section */

/* Begin PBXSourcesBuildPhase section */
		2076DF6B1E898CFC0074459F /* Sources */ = {
			isa = PBXSourcesBuildPhase;
			buildActionMask = 2147483647;
			files = (
				2076DF871E8990230074459F /* HeroDetailViewController.swift in Sources */,
				2076DF851E898FFA0074459F /* HeroTableTableViewController.swift in Sources */,
				2076DF731E898CFC0074459F /* AppDelegate.swift in Sources */,
				2076DF891E89903F0074459F /* Hero.swift in Sources */,
			);
			runOnlyForDeploymentPostprocessing = 0;
		};
/* End PBXSourcesBuildPhase section */

/* Begin PBXVariantGroup section */
		2076DF761E898CFC0074459F /* Main.storyboard */ = {
			isa = PBXVariantGroup;
			children = (
				2076DF771E898CFC0074459F /* Base */,
			);
			name = Main.storyboard;
			sourceTree = "<group>";
		};
		2076DF7B1E898CFC0074459F /* LaunchScreen.storyboard */ = {
			isa = PBXVariantGroup;
			children = (
				2076DF7C1E898CFC0074459F /* Base */,
			);
			name = LaunchScreen.storyboard;
			sourceTree = "<group>";
		};
/* End PBXVariantGroup section */

/* Begin XCBuildConfiguration section */
		2076DF7F1E898CFC0074459F /* Debug */ = {
			isa = XCBuildConfiguration;
			buildSettings = {
				ALWAYS_SEARCH_USER_PATHS = NO;
				CLANG_ANALYZER_NONNULL = YES;
				CLANG_CXX_LANGUAGE_STANDARD = "gnu++0x";
				CLANG_CXX_LIBRARY = "libc++";
				CLANG_ENABLE_MODULES = YES;
				CLANG_ENABLE_OBJC_ARC = YES;
				CLANG_WARN_BOOL_CONVERSION = YES;
				CLANG_WARN_CONSTANT_CONVERSION = YES;
				CLANG_WARN_DIRECT_OBJC_ISA_USAGE = YES_ERROR;
				CLANG_WARN_DOCUMENTATION_COMMENTS = YES;
				CLANG_WARN_EMPTY_BODY = YES;
				CLANG_WARN_ENUM_CONVERSION = YES;
				CLANG_WARN_INFINITE_RECURSION = YES;
				CLANG_WARN_INT_CONVERSION = YES;
				CLANG_WARN_OBJC_ROOT_CLASS = YES_ERROR;
				CLANG_WARN_SUSPICIOUS_MOVE = YES;
				CLANG_WARN_UNREACHABLE_CODE = YES;
				CLANG_WARN__DUPLICATE_METHOD_MATCH = YES;
				"CODE_SIGN_IDENTITY[sdk=iphoneos*]" = "iPhone Developer";
				COPY_PHASE_STRIP = NO;
				DEBUG_INFORMATION_FORMAT = dwarf;
				ENABLE_STRICT_OBJC_MSGSEND = YES;
				ENABLE_TESTABILITY = YES;
				GCC_C_LANGUAGE_STANDARD = gnu99;
				GCC_DYNAMIC_NO_PIC = NO;
				GCC_NO_COMMON_BLOCKS = YES;
				GCC_OPTIMIZATION_LEVEL = 0;
				GCC_PREPROCESSOR_DEFINITIONS = (
					"DEBUG=1",
					"$(inherited)",
				);
				GCC_WARN_64_TO_32_BIT_CONVERSION = YES;
				GCC_WARN_ABOUT_RETURN_TYPE = YES_ERROR;
				GCC_WARN_UNDECLARED_SELECTOR = YES;
				GCC_WARN_UNINITIALIZED_AUTOS = YES_AGGRESSIVE;
				GCC_WARN_UNUSED_FUNCTION = YES;
				GCC_WARN_UNUSED_VARIABLE = YES;
				IPHONEOS_DEPLOYMENT_TARGET = 10.2;
				MTL_ENABLE_DEBUG_INFO = YES;
				ONLY_ACTIVE_ARCH = YES;
				SDKROOT = iphoneos;
				SWIFT_ACTIVE_COMPILATION_CONDITIONS = DEBUG;
				SWIFT_OPTIMIZATION_LEVEL = "-Onone";
			};
			name = Debug;
		};
		2076DF801E898CFC0074459F /* Release */ = {
			isa = XCBuildConfiguration;
			buildSettings = {
				ALWAYS_SEARCH_USER_PATHS = NO;
				CLANG_ANALYZER_NONNULL = YES;
				CLANG_CXX_LANGUAGE_STANDARD = "gnu++0x";
				CLANG_CXX_LIBRARY = "libc++";
				CLANG_ENABLE_MODULES = YES;
				CLANG_ENABLE_OBJC_ARC = YES;
				CLANG_WARN_BOOL_CONVERSION = YES;
				CLANG_WARN_CONSTANT_CONVERSION = YES;
				CLANG_WARN_DIRECT_OBJC_ISA_USAGE = YES_ERROR;
				CLANG_WARN_DOCUMENTATION_COMMENTS = YES;
				CLANG_WARN_EMPTY_BODY = YES;
				CLANG_WARN_ENUM_CONVERSION = YES;
				CLANG_WARN_INFINITE_RECURSION = YES;
				CLANG_WARN_INT_CONVERSION = YES;
				CLANG_WARN_OBJC_ROOT_CLASS = YES_ERROR;
				CLANG_WARN_SUSPICIOUS_MOVE = YES;
				CLANG_WARN_UNREACHABLE_CODE = YES;
				CLANG_WARN__DUPLICATE_METHOD_MATCH = YES;
				"CODE_SIGN_IDENTITY[sdk=iphoneos*]" = "iPhone Developer";
				COPY_PHASE_STRIP = NO;
				DEBUG_INFORMATION_FORMAT = "dwarf-with-dsym";
				ENABLE_NS_ASSERTIONS = NO;
				ENABLE_STRICT_OBJC_MSGSEND = YES;
				GCC_C_LANGUAGE_STANDARD = gnu99;
				GCC_NO_COMMON_BLOCKS = YES;
				GCC_WARN_64_TO_32_BIT_CONVERSION = YES;
				GCC_WARN_ABOUT_RETURN_TYPE = YES_ERROR;
				GCC_WARN_UNDECLARED_SELECTOR = YES;
				GCC_WARN_UNINITIALIZED_AUTOS = YES_AGGRESSIVE;
				GCC_WARN_UNUSED_FUNCTION = YES;
				GCC_WARN_UNUSED_VARIABLE = YES;
				IPHONEOS_DEPLOYMENT_TARGET = 10.2;
				MTL_ENABLE_DEBUG_INFO = NO;
				SDKROOT = iphoneos;
				SWIFT_OPTIMIZATION_LEVEL = "-Owholemodule";
				VALIDATE_PRODUCT = YES;
			};
			name = Release;
		};
		2076DF821E898CFC0074459F /* Debug */ = {
			isa = XCBuildConfiguration;
			buildSettings = {
				ASSETCATALOG_COMPILER_APPICON_NAME = AppIcon;
				INFOPLIST_FILE = HeroTracker/Info.plist;
				LD_RUNPATH_SEARCH_PATHS = "$(inherited) @executable_path/Frameworks";
				PRODUCT_BUNDLE_IDENTIFIER = com.tiy.HeroTracker;
				PRODUCT_NAME = "$(TARGET_NAME)";
				SWIFT_VERSION = 3.0;
			};
			name = Debug;
		};
		2076DF831E898CFC0074459F /* Release */ = {
			isa = XCBuildConfiguration;
			buildSettings = {
				ASSETCATALOG_COMPILER_APPICON_NAME = AppIcon;
				INFOPLIST_FILE = HeroTracker/Info.plist;
				LD_RUNPATH_SEARCH_PATHS = "$(inherited) @executable_path/Frameworks";
				PRODUCT_BUNDLE_IDENTIFIER = com.tiy.HeroTracker;
				PRODUCT_NAME = "$(TARGET_NAME)";
				SWIFT_VERSION = 3.0;
			};
			name = Release;
		};
/* End XCBuildConfiguration section */

/* Begin XCConfigurationList section */
		2076DF6A1E898CFC0074459F /* Build configuration list for PBXProject "HeroTracker" */ = {
			isa = XCConfigurationList;
			buildConfigurations = (
				2076DF7F1E898CFC0074459F /* Debug */,
				2076DF801E898CFC0074459F /* Release */,
			);
			defaultConfigurationIsVisible = 0;
			defaultConfigurationName = Release;
		};
		2076DF811E898CFC0074459F /* Build configuration list for PBXNativeTarget "HeroTracker" */ = {
			isa = XCConfigurationList;
			buildConfigurations = (
				2076DF821E898CFC0074459F /* Debug */,
				2076DF831E898CFC0074459F /* Release */,
			);
			defaultConfigurationIsVisible = 0;
		};
/* End XCConfigurationList section */
	};
	rootObject = 2076DF671E898CFC0074459F /* Project object */;
}
